
Microsoft Visual Studio Solution File, Format Version 12.00
# Visual Studio 2012
Project("{FAE04EC0-301F-11D3-BF4B-00C04F79EFBC}") = "ConsoleApplicationInheritance", "ConsoleApplicationInheritance\ConsoleApplicationInheritance.csproj", "{2E329638-90A1-44C9-81F7-4FE770F2394C}"
EndProject
Global
	GlobalSection(SolutionConfigurationPlatforms) = preSolution
		Debug|Any CPU = Debug|Any CPU
		Release|Any CPU = Release|Any CPU
	EndGlobalSection
	GlobalSection(ProjectConfigurationPlatforms) = postSolution
		{2E329638-90A1-44C9-81F7-4FE770F2394C}.Debug|Any CPU.ActiveCfg = Debug|Any CPU
		{2E329638-90A1-44C9-81F7-4FE770F2394C}.Debug|Any CPU.Build.0 = Debug|Any CPU
		{2E329638-90A1-44C9-81F7-4FE770F2394C}.Release|Any CPU.ActiveCfg = Release|Any CPU
		{2E329638-90A1-44C9-81F7-4FE770F2394C}.Release|Any CPU.Build.0 = Release|Any CPU
	EndGlobalSection
	GlobalSection(SolutionProperties) = preSolution
		HideSolutionNode = FALSE
	EndGlobalSection
EndGlobal
