
Microsoft Visual Studio Solution File, Format Version 12.00
# Visual Studio 2012
Project("{FAE04EC0-301F-11D3-BF4B-00C04F79EFBC}") = "ConsoleAppEmployeeManagementUpdate", "ConsoleAppEmployeeManagementUpdate\ConsoleAppEmployeeManagementUpdate.csproj", "{476E1F2E-4E3A-4211-982B-85447CC0EBCD}"
EndProject
Global
	GlobalSection(SolutionConfigurationPlatforms) = preSolution
		Debug|Any CPU = Debug|Any CPU
		Release|Any CPU = Release|Any CPU
	EndGlobalSection
	GlobalSection(ProjectConfigurationPlatforms) = postSolution
		{476E1F2E-4E3A-4211-982B-85447CC0EBCD}.Debug|Any CPU.ActiveCfg = Debug|Any CPU
		{476E1F2E-4E3A-4211-982B-85447CC0EBCD}.Debug|Any CPU.Build.0 = Debug|Any CPU
		{476E1F2E-4E3A-4211-982B-85447CC0EBCD}.Release|Any CPU.ActiveCfg = Release|Any CPU
		{476E1F2E-4E3A-4211-982B-85447CC0EBCD}.Release|Any CPU.Build.0 = Release|Any CPU
	EndGlobalSection
	GlobalSection(SolutionProperties) = preSolution
		HideSolutionNode = FALSE
	EndGlobalSection
EndGlobal
