
Microsoft Visual Studio Solution File, Format Version 12.00
# Visual Studio 2012
Project("{FAE04EC0-301F-11D3-BF4B-00C04F79EFBC}") = "ConsoleApplicationEmployeeManagementUpdate", "ConsoleApplicationEmployeeManagementUpdate\ConsoleApplicationEmployeeManagementUpdate.csproj", "{098F1AEC-7B28-4BD3-B03F-5923E390C586}"
EndProject
Global
	GlobalSection(SolutionConfigurationPlatforms) = preSolution
		Debug|Any CPU = Debug|Any CPU
		Release|Any CPU = Release|Any CPU
	EndGlobalSection
	GlobalSection(ProjectConfigurationPlatforms) = postSolution
		{098F1AEC-7B28-4BD3-B03F-5923E390C586}.Debug|Any CPU.ActiveCfg = Debug|Any CPU
		{098F1AEC-7B28-4BD3-B03F-5923E390C586}.Debug|Any CPU.Build.0 = Debug|Any CPU
		{098F1AEC-7B28-4BD3-B03F-5923E390C586}.Release|Any CPU.ActiveCfg = Release|Any CPU
		{098F1AEC-7B28-4BD3-B03F-5923E390C586}.Release|Any CPU.Build.0 = Release|Any CPU
	EndGlobalSection
	GlobalSection(SolutionProperties) = preSolution
		HideSolutionNode = FALSE
	EndGlobalSection
EndGlobal
